
Microsoft Visual Studio Solution File, Format Version 12.00
# Visual Studio 2013
VisualStudioVersion = 12.0.40629.0
MinimumVisualStudioVersion = 10.0.40219.1
Project("{FAE04EC0-301F-11D3-BF4B-00C04F79EFBC}") = "FFCG.G4.WordReverser.Tests", "FFCG.G4.WordReverser.Tests\FFCG.G4.WordReverser.Tests.csproj", "{07ECAD2C-AF9F-4994-BAD3-B9228608DA25}"
EndProject
Project("{FAE04EC0-301F-11D3-BF4B-00C04F79EFBC}") = "FFCG.G4.WordReverser", "FFCG.G4.WordReverser\FFCG.G4.WordReverser.csproj", "{16FDA502-A813-4F44-B3E0-263C05DD4EB6}"
EndProject
Project("{FAE04EC0-301F-11D3-BF4B-00C04F79EFBC}") = "FFCG.G4.WordReverser.Gui", "FFCG.G4.WordReverser.Gui\FFCG.G4.WordReverser.Gui.csproj", "{9C5424A6-F3A6-487D-9F17-4645FEDA71AA}"
EndProject
Global
	GlobalSection(SolutionConfigurationPlatforms) = preSolution
		Debug|Any CPU = Debug|Any CPU
		Release|Any CPU = Release|Any CPU
	EndGlobalSection
	GlobalSection(ProjectConfigurationPlatforms) = postSolution
		{07ECAD2C-AF9F-4994-BAD3-B9228608DA25}.Debug|Any CPU.ActiveCfg = Debug|Any CPU
		{07ECAD2C-AF9F-4994-BAD3-B9228608DA25}.Debug|Any CPU.Build.0 = Debug|Any CPU
		{07ECAD2C-AF9F-4994-BAD3-B9228608DA25}.Release|Any CPU.ActiveCfg = Release|Any CPU
		{07ECAD2C-AF9F-4994-BAD3-B9228608DA25}.Release|Any CPU.Build.0 = Release|Any CPU
		{16FDA502-A813-4F44-B3E0-263C05DD4EB6}.Debug|Any CPU.ActiveCfg = Debug|Any CPU
		{16FDA502-A813-4F44-B3E0-263C05DD4EB6}.Debug|Any CPU.Build.0 = Debug|Any CPU
		{16FDA502-A813-4F44-B3E0-263C05DD4EB6}.Release|Any CPU.ActiveCfg = Release|Any CPU
		{16FDA502-A813-4F44-B3E0-263C05DD4EB6}.Release|Any CPU.Build.0 = Release|Any CPU
		{9C5424A6-F3A6-487D-9F17-4645FEDA71AA}.Debug|Any CPU.ActiveCfg = Debug|Any CPU
		{9C5424A6-F3A6-487D-9F17-4645FEDA71AA}.Debug|Any CPU.Build.0 = Debug|Any CPU
		{9C5424A6-F3A6-487D-9F17-4645FEDA71AA}.Release|Any CPU.ActiveCfg = Release|Any CPU
		{9C5424A6-F3A6-487D-9F17-4645FEDA71AA}.Release|Any CPU.Build.0 = Release|Any CPU
	EndGlobalSection
	GlobalSection(SolutionProperties) = preSolution
		HideSolutionNode = FALSE
	EndGlobalSection
EndGlobal
