
Microsoft Visual Studio Solution File, Format Version 12.00
# Visual Studio 14
VisualStudioVersion = 14.0.23107.0
MinimumVisualStudioVersion = 10.0.40219.1
Project("{FAE04EC0-301F-11D3-BF4B-00C04F79EFBC}") = "FFCG.Generation.DocumentDatabase.Models", "FFCG.Generation.DocumentDatabase.Models\FFCG.Generation.DocumentDatabase.Models.csproj", "{98686160-F5B6-4007-BF2D-DBB67672F40C}"
EndProject
Project("{FAE04EC0-301F-11D3-BF4B-00C04F79EFBC}") = "FFCG.Generation.DocumentDatabase.Raven", "FFCG.Generation.DocumentDatabase.Raven\FFCG.Generation.DocumentDatabase.Raven.csproj", "{E5AF5EEA-78CC-4E08-852F-F14999C8A35A}"
EndProject
Global
	GlobalSection(SolutionConfigurationPlatforms) = preSolution
		Debug|Any CPU = Debug|Any CPU
		Release|Any CPU = Release|Any CPU
	EndGlobalSection
	GlobalSection(ProjectConfigurationPlatforms) = postSolution
		{98686160-F5B6-4007-BF2D-DBB67672F40C}.Debug|Any CPU.ActiveCfg = Debug|Any CPU
		{98686160-F5B6-4007-BF2D-DBB67672F40C}.Debug|Any CPU.Build.0 = Debug|Any CPU
		{98686160-F5B6-4007-BF2D-DBB67672F40C}.Release|Any CPU.ActiveCfg = Release|Any CPU
		{98686160-F5B6-4007-BF2D-DBB67672F40C}.Release|Any CPU.Build.0 = Release|Any CPU
		{E5AF5EEA-78CC-4E08-852F-F14999C8A35A}.Debug|Any CPU.ActiveCfg = Debug|Any CPU
		{E5AF5EEA-78CC-4E08-852F-F14999C8A35A}.Debug|Any CPU.Build.0 = Debug|Any CPU
		{E5AF5EEA-78CC-4E08-852F-F14999C8A35A}.Release|Any CPU.ActiveCfg = Release|Any CPU
		{E5AF5EEA-78CC-4E08-852F-F14999C8A35A}.Release|Any CPU.Build.0 = Release|Any CPU
	EndGlobalSection
	GlobalSection(SolutionProperties) = preSolution
		HideSolutionNode = FALSE
	EndGlobalSection
EndGlobal
