
Microsoft Visual Studio Solution File, Format Version 12.00
# Visual Studio 14
VisualStudioVersion = 14.0.25420.1
MinimumVisualStudioVersion = 10.0.40219.1
Project("{FAE04EC0-301F-11D3-BF4B-00C04F79EFBC}") = "FFCG.G5.FizzBuzzer", "FFCG.G5.FizzBuzzer\FFCG.G5.FizzBuzzer.csproj", "{B02395A3-5EF0-43B6-A8CB-8C1F2D12FFB2}"
EndProject
Project("{FAE04EC0-301F-11D3-BF4B-00C04F79EFBC}") = "FFCG.G5.FizzBuzzer.Tests", "FFCG.G5.FizzBuzzer.Tests\FFCG.G5.FizzBuzzer.Tests.csproj", "{1C1428E4-A1AF-4CCF-9E23-F623C11E886C}"
EndProject
Project("{2150E333-8FDC-42A3-9474-1A3956D46DE8}") = "Runner", "Runner", "{C27C99EE-E869-4E89-A6F9-7A4B243E64BA}"
EndProject
Project("{FAE04EC0-301F-11D3-BF4B-00C04F79EFBC}") = "FFG.G5.FizzBuzzer.Runner", "FFG.G5.FizzBuzzer.Runner\FFG.G5.FizzBuzzer.Runner.csproj", "{7F083EE3-E193-4B95-9D98-D4F12DC5E07F}"
EndProject
Global
	GlobalSection(SolutionConfigurationPlatforms) = preSolution
		Debug|Any CPU = Debug|Any CPU
		Release|Any CPU = Release|Any CPU
	EndGlobalSection
	GlobalSection(ProjectConfigurationPlatforms) = postSolution
		{B02395A3-5EF0-43B6-A8CB-8C1F2D12FFB2}.Debug|Any CPU.ActiveCfg = Debug|Any CPU
		{B02395A3-5EF0-43B6-A8CB-8C1F2D12FFB2}.Debug|Any CPU.Build.0 = Debug|Any CPU
		{B02395A3-5EF0-43B6-A8CB-8C1F2D12FFB2}.Release|Any CPU.ActiveCfg = Release|Any CPU
		{B02395A3-5EF0-43B6-A8CB-8C1F2D12FFB2}.Release|Any CPU.Build.0 = Release|Any CPU
		{1C1428E4-A1AF-4CCF-9E23-F623C11E886C}.Debug|Any CPU.ActiveCfg = Debug|Any CPU
		{1C1428E4-A1AF-4CCF-9E23-F623C11E886C}.Debug|Any CPU.Build.0 = Debug|Any CPU
		{1C1428E4-A1AF-4CCF-9E23-F623C11E886C}.Release|Any CPU.ActiveCfg = Release|Any CPU
		{1C1428E4-A1AF-4CCF-9E23-F623C11E886C}.Release|Any CPU.Build.0 = Release|Any CPU
		{7F083EE3-E193-4B95-9D98-D4F12DC5E07F}.Debug|Any CPU.ActiveCfg = Debug|Any CPU
		{7F083EE3-E193-4B95-9D98-D4F12DC5E07F}.Debug|Any CPU.Build.0 = Debug|Any CPU
		{7F083EE3-E193-4B95-9D98-D4F12DC5E07F}.Release|Any CPU.ActiveCfg = Release|Any CPU
		{7F083EE3-E193-4B95-9D98-D4F12DC5E07F}.Release|Any CPU.Build.0 = Release|Any CPU
	EndGlobalSection
	GlobalSection(SolutionProperties) = preSolution
		HideSolutionNode = FALSE
	EndGlobalSection
	GlobalSection(NestedProjects) = preSolution
		{7F083EE3-E193-4B95-9D98-D4F12DC5E07F} = {C27C99EE-E869-4E89-A6F9-7A4B243E64BA}
	EndGlobalSection
EndGlobal
